
Microsoft Visual Studio Solution File, Format Version 12.00
# Visual Studio Version 17
VisualStudioVersion = 17.6.33815.320
MinimumVisualStudioVersion = 10.0.40219.1
Project("{FAE04EC0-301F-11D3-BF4B-00C04F79EFBC}") = "ProcessamentoDeImagensWienerInverso", "ProcessamentoDeImagensWienerInverso\ProcessamentoDeImagensWienerInverso.csproj", "{1727C9B7-273F-41A4-961A-B2F10A8F9A93}"
EndProject
Global
	GlobalSection(SolutionConfigurationPlatforms) = preSolution
		Debug|Any CPU = Debug|Any CPU
		Release|Any CPU = Release|Any CPU
	EndGlobalSection
	GlobalSection(ProjectConfigurationPlatforms) = postSolution
		{1727C9B7-273F-41A4-961A-B2F10A8F9A93}.Debug|Any CPU.ActiveCfg = Debug|Any CPU
		{1727C9B7-273F-41A4-961A-B2F10A8F9A93}.Debug|Any CPU.Build.0 = Debug|Any CPU
		{1727C9B7-273F-41A4-961A-B2F10A8F9A93}.Release|Any CPU.ActiveCfg = Release|Any CPU
		{1727C9B7-273F-41A4-961A-B2F10A8F9A93}.Release|Any CPU.Build.0 = Release|Any CPU
	EndGlobalSection
	GlobalSection(SolutionProperties) = preSolution
		HideSolutionNode = FALSE
	EndGlobalSection
	GlobalSection(ExtensibilityGlobals) = postSolution
		SolutionGuid = {AD0EC1FA-C0E2-445D-AEE2-4CAAD2D87BE7}
	EndGlobalSection
EndGlobal
